
Microsoft Visual Studio Solution File, Format Version 12.00
# Visual Studio Version 16
VisualStudioVersion = 16.0.31613.86
MinimumVisualStudioVersion = 10.0.40219.1
Project("{FAE04EC0-301F-11D3-BF4B-00C04F79EFBC}") = "doan", "doan.csproj", "{12010384-3511-47BF-908C-16BC9115432F}"
EndProject
Global
	GlobalSection(SolutionConfigurationPlatforms) = preSolution
		Debug|Any CPU = Debug|Any CPU
		Release|Any CPU = Release|Any CPU
	EndGlobalSection
	GlobalSection(ProjectConfigurationPlatforms) = postSolution
		{12010384-3511-47BF-908C-16BC9115432F}.Debug|Any CPU.ActiveCfg = Debug|Any CPU
		{12010384-3511-47BF-908C-16BC9115432F}.Debug|Any CPU.Build.0 = Debug|Any CPU
		{12010384-3511-47BF-908C-16BC9115432F}.Release|Any CPU.ActiveCfg = Release|Any CPU
		{12010384-3511-47BF-908C-16BC9115432F}.Release|Any CPU.Build.0 = Release|Any CPU
	EndGlobalSection
	GlobalSection(SolutionProperties) = preSolution
		HideSolutionNode = FALSE
	EndGlobalSection
	GlobalSection(ExtensibilityGlobals) = postSolution
		SolutionGuid = {B4417673-C1E7-42B3-9FBC-FD6923C3C3C4}
	EndGlobalSection
EndGlobal
